{
  "name": "grimoire-theme-css",
  "version": "0.0.0",
  "lockfileVersion": 3,
  "requires": true,
  "packages": {
    "": {
      "name": "grimoire-theme-css",
      "version": "0.0.0",
      "dependencies": {
        "@spectrum-css/button": "^14",
        "@spectrum-css/card": "^11",
        "@spectrum-css/divider": "^5",
        "@spectrum-css/link": "^7",
        "@spectrum-css/page": "^9",
        "@spectrum-css/textfield": "^8",
        "@spectrum-css/tokens": "^16",
        "@spectrum-css/typography": "^8"
      }
    },
    "node_modules/@spectrum-css/button": {
      "version": "14.2.0",
      "resolved": "https://registry.npmjs.org/@spectrum-css/button/-/button-14.2.0.tgz",
      "integrity": "sha512-akl8q58zlDK/BoxEUaM1duHlA42/4kJqNPRZSaYTYTYkBE+d2PCVfXGFuRXUL0e4jzKMrEw16i1fmjo7DcgFFw==",
      "license": "Apache-2.0",
      "peerDependencies": {
        "@spectrum-css/icon": ">=9.0.0 <10.0.0",
        "@spectrum-css/progresscircle": ">=5.0.0 <6.0.0",
        "@spectrum-css/tokens": ">=16.0.0 <17.0.0"
      },
      "peerDependenciesMeta": {
        "@spectrum-css/icon": {
          "optional": true
        },
        "@spectrum-css/progresscircle": {
          "optional": true
        },
        "@spectrum-css/tokens": {
          "optional": true
        }
      }
    },
    "node_modules/@spectrum-css/card": {
      "version": "11.2.0",
      "resolved": "https://registry.npmjs.org/@spectrum-css/card/-/card-11.2.0.tgz",
      "integrity": "sha512-8ysHQx69LB9UuStoXK9ejKaWXg6EFUy5aTCi5RQ08n64IP5gf+7J5tqNTWWI7p1l8M8xbDhdsISfY3PsPGxW2Q==",
      "license": "Apache-2.0",
      "peerDependencies": {
        "@spectrum-css/actionbutton": ">=7.0.0 <8.0.0",
        "@spectrum-css/asset": ">=7.0.0 <8.0.0",
        "@spectrum-css/checkbox": ">=10.0.0 <11.0.0",
        "@spectrum-css/icon": ">=9.0.0 <10.0.0",
        "@spectrum-css/quickaction": ">=3",
        "@spectrum-css/tokens": ">=16.0.0 <17.0.0",
        "@spectrum-css/typography": ">=8.0.0 <9.0.0"
      },
      "peerDependenciesMeta": {
        "@spectrum-css/actionbutton": {
          "optional": true
        },
        "@spectrum-css/asset": {
          "optional": true
        },
        "@spectrum-css/checkbox": {
          "optional": true
        },
        "@spectrum-css/icon": {
          "optional": true
        },
        "@spectrum-css/quickaction": {
          "optional": true
        },
        "@spectrum-css/tokens": {
          "optional": true
        },
        "@spectrum-css/typography": {
          "optional": true
        }
      }
    },
    "node_modules/@spectrum-css/divider": {
      "version": "5.2.0",
      "resolved": "https://registry.npmjs.org/@spectrum-css/divider/-/divider-5.2.0.tgz",
      "integrity": "sha512-yGg81ROGYfuqv9bHUQ49btLzO6b7cm/EZRLmwaNP46Dt2FQPFbCDFi8qyiKdaSjIVMpNhzo/MlKXUIBPwMSv/w==",
      "license": "Apache-2.0",
      "peerDependencies": {
        "@spectrum-css/tokens": ">=16.0.1"
      },
      "peerDependenciesMeta": {
        "@spectrum-css/tokens": {
          "optional": true
        }
      }
    },
    "node_modules/@spectrum-css/link": {
      "version": "7.2.0",
      "resolved": "https://registry.npmjs.org/@spectrum-css/link/-/link-7.2.0.tgz",
      "integrity": "sha512-fFc6rzmV/OZNidSxkLVqLHDYYRv/+OcFsuW5ADMI2xCdspwAiAaxA3nOfQrgUo8G1DpeMUQJdstMleaEsgwrbA==",
      "license": "Apache-2.0",
      "peerDependencies": {
        "@spectrum-css/tokens": ">=16.0.1"
      },
      "peerDependenciesMeta": {
        "@spectrum-css/tokens": {
          "optional": true
        }
      }
    },
    "node_modules/@spectrum-css/page": {
      "version": "9.2.0",
      "resolved": "https://registry.npmjs.org/@spectrum-css/page/-/page-9.2.0.tgz",
      "integrity": "sha512-TWg4ELxjaE+co/jB5okg5WpjxONBzxX1pW3jy9uZex5ZfzYxoQ+VrfLysagkv1AS9U44RCHGO4gXj+15ooeL9A==",
      "license": "Apache-2.0",
      "peerDependencies": {
        "@spectrum-css/tokens": ">=16.0.1"
      },
      "peerDependenciesMeta": {
        "@spectrum-css/tokens": {
          "optional": true
        }
      }
    },
    "node_modules/@spectrum-css/textfield": {
      "version": "8.2.0",
      "resolved": "https://registry.npmjs.org/@spectrum-css/textfield/-/textfield-8.2.0.tgz",
      "integrity": "sha512-Tuc1UJ7VSmLAQsIKzOTjfg/NoAtUCmP4lpAO4Uxifr0C+3dVjiQn1azOOvK7NjM9Fha+wPxajvET39o0tQ9PZQ==",
      "license": "Apache-2.0",
      "peerDependencies": {
        "@spectrum-css/helptext": ">=7.0.0 <8.0.0",
        "@spectrum-css/tokens": ">=16.0.0 <17.0.0"
      },
      "peerDependenciesMeta": {
        "@spectrum-css/helptext": {
          "optional": true
        },
        "@spectrum-css/tokens": {
          "optional": true
        }
      }
    },
    "node_modules/@spectrum-css/tokens": {
      "version": "16.0.2",
      "resolved": "https://registry.npmjs.org/@spectrum-css/tokens/-/tokens-16.0.2.tgz",
      "integrity": "sha512-VF/O5I903qpwO6TUZY4hTvYTy7t5HHe1nY6xBD2ZbaT4tX5Dm7RsSw8umVw5qbjCinHJL/pEsb0xsWtlsyUicQ==",
      "license": "Apache-2.0"
    },
    "node_modules/@spectrum-css/typography": {
      "version": "8.2.0",
      "resolved": "https://registry.npmjs.org/@spectrum-css/typography/-/typography-8.2.0.tgz",
      "integrity": "sha512-8xDYN1n1Z2VmY8rWWz2TtN8gP2uyJ0SLPH7aEuXSEh0+sjWrKSK5eMaSSN1RVxKoJWIM+ZRTjQbm1NxL+WKI3w==",
      "license": "Apache-2.0",
      "peerDependencies": {
        "@spectrum-css/tokens": ">=16.0.1"
      },
      "peerDependenciesMeta": {
        "@spectrum-css/tokens": {
          "optional": true
        }
      }
    }
  }
}
